
Microsoft Visual Studio Solution File, Format Version 12.00
# Visual Studio 15
VisualStudioVersion = 15.0.28307.136
MinimumVisualStudioVersion = 10.0.40219.1
Project("{FAE04EC0-301F-11D3-BF4B-00C04F79EFBC}") = "VRServerApp", "VRServerApp\VRServerApp.csproj", "{3BCDD3A7-0FAD-4695-A8F1-7F3DF425BA48}"
EndProject
Global
	GlobalSection(SolutionConfigurationPlatforms) = preSolution
		Debug|Any CPU = Debug|Any CPU
		Release|Any CPU = Release|Any CPU
	EndGlobalSection
	GlobalSection(ProjectConfigurationPlatforms) = postSolution
		{3BCDD3A7-0FAD-4695-A8F1-7F3DF425BA48}.Debug|Any CPU.ActiveCfg = Debug|Any CPU
		{3BCDD3A7-0FAD-4695-A8F1-7F3DF425BA48}.Debug|Any CPU.Build.0 = Debug|Any CPU
		{3BCDD3A7-0FAD-4695-A8F1-7F3DF425BA48}.Release|Any CPU.ActiveCfg = Release|Any CPU
		{3BCDD3A7-0FAD-4695-A8F1-7F3DF425BA48}.Release|Any CPU.Build.0 = Release|Any CPU
	EndGlobalSection
	GlobalSection(SolutionProperties) = preSolution
		HideSolutionNode = FALSE
	EndGlobalSection
	GlobalSection(ExtensibilityGlobals) = postSolution
		SolutionGuid = {3A3850F6-D984-4D2C-9338-83904221D6CD}
	EndGlobalSection
EndGlobal
